// !$*UTF8*$!
{
	archiveVersion = 1;
	classes = {
	};
	objectVersion = 56;
	objects = {

/* Begin PBXBuildFile section */
		043C8D412B698C5800CEA0E5 /* BaseViewModel.swift in Sources */ = {isa = PBXBuildFile; fileRef = 043C8D402B698C5800CEA0E5 /* BaseViewModel.swift */; };
		043C8D432B698DED00CEA0E5 /* ErrorDataView.swift in Sources */ = {isa = PBXBuildFile; fileRef = 043C8D422B698DED00CEA0E5 /* ErrorDataView.swift */; };
		043C8D452B698E9400CEA0E5 /* UIBaseViewController.swift in Sources */ = {isa = PBXBuildFile; fileRef = 043C8D442B698E9400CEA0E5 /* UIBaseViewController.swift */; };
		043C8D482B6991E000CEA0E5 /* MoviesViewModelProtocol.swift in Sources */ = {isa = PBXBuildFile; fileRef = 043C8D472B6991E000CEA0E5 /* MoviesViewModelProtocol.swift */; };
		043C8D4A2B69926C00CEA0E5 /* MoviesViewModel.swift in Sources */ = {isa = PBXBuildFile; fileRef = 043C8D492B69926C00CEA0E5 /* MoviesViewModel.swift */; };
		043C8D4D2B6997ED00CEA0E5 /* UIMovieCell.swift in Sources */ = {isa = PBXBuildFile; fileRef = 043C8D4C2B6997ED00CEA0E5 /* UIMovieCell.swift */; };
		043C8D4F2B69A8BC00CEA0E5 /* UIRatingView.swift in Sources */ = {isa = PBXBuildFile; fileRef = 043C8D4E2B69A8BC00CEA0E5 /* UIRatingView.swift */; };
		043C8D532B6AEE7200CEA0E5 /* MovieViewData.swift in Sources */ = {isa = PBXBuildFile; fileRef = 043C8D522B6AEE7200CEA0E5 /* MovieViewData.swift */; };
		043C8D552B6AF37900CEA0E5 /* UIMoviesController+BindingModel.swift in Sources */ = {isa = PBXBuildFile; fileRef = 043C8D542B6AF37900CEA0E5 /* UIMoviesController+BindingModel.swift */; };
		043C8D572B6AFABE00CEA0E5 /* Date.swift in Sources */ = {isa = PBXBuildFile; fileRef = 043C8D562B6AFABE00CEA0E5 /* Date.swift */; };
		043C8D592B6B030700CEA0E5 /* UICollectionView.swift in Sources */ = {isa = PBXBuildFile; fileRef = 043C8D582B6B030700CEA0E5 /* UICollectionView.swift */; };
		043C8D5B2B6BF2DE00CEA0E5 /* Collection.swift in Sources */ = {isa = PBXBuildFile; fileRef = 043C8D5A2B6BF2DE00CEA0E5 /* Collection.swift */; };
		043C8D612B6BF54E00CEA0E5 /* UIMovieDetailsController.swift in Sources */ = {isa = PBXBuildFile; fileRef = 043C8D602B6BF54E00CEA0E5 /* UIMovieDetailsController.swift */; };
		043C8D632B6BF56900CEA0E5 /* MovieDetailsViewModel.swift in Sources */ = {isa = PBXBuildFile; fileRef = 043C8D622B6BF56900CEA0E5 /* MovieDetailsViewModel.swift */; };
		043C8D652B6BF57C00CEA0E5 /* MovieDetailsViewModelProtocol.swift in Sources */ = {isa = PBXBuildFile; fileRef = 043C8D642B6BF57C00CEA0E5 /* MovieDetailsViewModelProtocol.swift */; };
		043C8D682B6BF79800CEA0E5 /* MovieDetailsViewData.swift in Sources */ = {isa = PBXBuildFile; fileRef = 043C8D672B6BF79800CEA0E5 /* MovieDetailsViewData.swift */; };
		043C8D6B2B6C48DA00CEA0E5 /* UIBaseDetailItemCell.swift in Sources */ = {isa = PBXBuildFile; fileRef = 043C8D6A2B6C48DA00CEA0E5 /* UIBaseDetailItemCell.swift */; };
		043C8D6E2B6C525D00CEA0E5 /* UITinyDetailItemCell.swift in Sources */ = {isa = PBXBuildFile; fileRef = 043C8D6D2B6C525D00CEA0E5 /* UITinyDetailItemCell.swift */; };
		043C8D702B6CDC7200CEA0E5 /* UIMovieDetailsController+BindingModel.swift in Sources */ = {isa = PBXBuildFile; fileRef = 043C8D6F2B6CDC7200CEA0E5 /* UIMovieDetailsController+BindingModel.swift */; };
		043C8D722B6D2C1A00CEA0E5 /* DetailItemViewData.swift in Sources */ = {isa = PBXBuildFile; fileRef = 043C8D712B6D2C1A00CEA0E5 /* DetailItemViewData.swift */; };
		043C8D742B6D2E3C00CEA0E5 /* Double.swift in Sources */ = {isa = PBXBuildFile; fileRef = 043C8D732B6D2E3C00CEA0E5 /* Double.swift */; };
		043C8D762B6D2E6500CEA0E5 /* Int.swift in Sources */ = {isa = PBXBuildFile; fileRef = 043C8D752B6D2E6500CEA0E5 /* Int.swift */; };
		04686A562B66E40D0026DC0F /* AppDelegate.swift in Sources */ = {isa = PBXBuildFile; fileRef = 04686A552B66E40D0026DC0F /* AppDelegate.swift */; };
		04686A582B66E40D0026DC0F /* SceneDelegate.swift in Sources */ = {isa = PBXBuildFile; fileRef = 04686A572B66E40D0026DC0F /* SceneDelegate.swift */; };
		04686A5F2B66E40F0026DC0F /* Assets.xcassets in Resources */ = {isa = PBXBuildFile; fileRef = 04686A5E2B66E40F0026DC0F /* Assets.xcassets */; };
		04686A622B66E40F0026DC0F /* LaunchScreen.storyboard in Resources */ = {isa = PBXBuildFile; fileRef = 04686A602B66E40F0026DC0F /* LaunchScreen.storyboard */; };
		04686A6D2B66E40F0026DC0F /* MoviesAppTests.swift in Sources */ = {isa = PBXBuildFile; fileRef = 04686A6C2B66E40F0026DC0F /* MoviesAppTests.swift */; };
		04686A772B66E40F0026DC0F /* MoviesAppUITests.swift in Sources */ = {isa = PBXBuildFile; fileRef = 04686A762B66E40F0026DC0F /* MoviesAppUITests.swift */; };
		04686A792B66E40F0026DC0F /* MoviesAppUITestsLaunchTests.swift in Sources */ = {isa = PBXBuildFile; fileRef = 04686A782B66E40F0026DC0F /* MoviesAppUITestsLaunchTests.swift */; };
		04CED6BE2B66EC0600DA0474 /* NetworkManagerProtocol.swift in Sources */ = {isa = PBXBuildFile; fileRef = 04CED6BD2B66EC0600DA0474 /* NetworkManagerProtocol.swift */; };
		04CED6C02B66ED6F00DA0474 /* Endpoint.swift in Sources */ = {isa = PBXBuildFile; fileRef = 04CED6BF2B66ED6F00DA0474 /* Endpoint.swift */; };
		04CED6C22B66EDAA00DA0474 /* Constant.swift in Sources */ = {isa = PBXBuildFile; fileRef = 04CED6C12B66EDAA00DA0474 /* Constant.swift */; };
		04CED6C52B66EE1C00DA0474 /* Methods.swift in Sources */ = {isa = PBXBuildFile; fileRef = 04CED6C42B66EE1C00DA0474 /* Methods.swift */; };
		04CED6C72B66EE3F00DA0474 /* NetworkError.swift in Sources */ = {isa = PBXBuildFile; fileRef = 04CED6C62B66EE3F00DA0474 /* NetworkError.swift */; };
		04CED6C92B66EF7000DA0474 /* NetworkManager.swift in Sources */ = {isa = PBXBuildFile; fileRef = 04CED6C82B66EF7000DA0474 /* NetworkManager.swift */; };
		04CED6CC2B66F12600DA0474 /* Dictionary.swift in Sources */ = {isa = PBXBuildFile; fileRef = 04CED6CB2B66F12600DA0474 /* Dictionary.swift */; };
		04CED6CE2B66F19B00DA0474 /* String.swift in Sources */ = {isa = PBXBuildFile; fileRef = 04CED6CD2B66F19B00DA0474 /* String.swift */; };
		04CED6D32B66F75800DA0474 /* MovieEndpoint.swift in Sources */ = {isa = PBXBuildFile; fileRef = 04CED6D22B66F75800DA0474 /* MovieEndpoint.swift */; };
		04CED6D52B66F97900DA0474 /* MovieService.swift in Sources */ = {isa = PBXBuildFile; fileRef = 04CED6D42B66F97900DA0474 /* MovieService.swift */; };
		04CED6D82B66FC9700DA0474 /* DiscoverMoviesResponse.swift in Sources */ = {isa = PBXBuildFile; fileRef = 04CED6D72B66FC9700DA0474 /* DiscoverMoviesResponse.swift */; };
		04CED6DA2B66FD2300DA0474 /* Movie.swift in Sources */ = {isa = PBXBuildFile; fileRef = 04CED6D92B66FD2300DA0474 /* Movie.swift */; };
		04CED6DC2B67069900DA0474 /* MovieDetailsResponse.swift in Sources */ = {isa = PBXBuildFile; fileRef = 04CED6DB2B67069900DA0474 /* MovieDetailsResponse.swift */; };
		04CED6DE2B67091700DA0474 /* SerachParams.swift in Sources */ = {isa = PBXBuildFile; fileRef = 04CED6DD2B67091700DA0474 /* SerachParams.swift */; };
		04DD73D12B683FC400D56087 /* Coordinator.swift in Sources */ = {isa = PBXBuildFile; fileRef = 04DD73D02B683FC400D56087 /* Coordinator.swift */; };
		04DD73D32B683FEB00D56087 /* MainCoordinator.swift in Sources */ = {isa = PBXBuildFile; fileRef = 04DD73D22B683FEB00D56087 /* MainCoordinator.swift */; };
		04DD73D52B68402B00D56087 /* UISplashController.swift in Sources */ = {isa = PBXBuildFile; fileRef = 04DD73D42B68402B00D56087 /* UISplashController.swift */; };
		04DD73D72B6840A200D56087 /* UIView.swift in Sources */ = {isa = PBXBuildFile; fileRef = 04DD73D62B6840A200D56087 /* UIView.swift */; };
		04DD73DA2B6841C600D56087 /* UINavigationController.swift in Sources */ = {isa = PBXBuildFile; fileRef = 04DD73D92B6841C600D56087 /* UINavigationController.swift */; };
		04DD73DD2B68426F00D56087 /* UIMoviesController.swift in Sources */ = {isa = PBXBuildFile; fileRef = 04DD73DC2B68426F00D56087 /* UIMoviesController.swift */; };
		04DD73E02B6843C900D56087 /* UIColor.swift in Sources */ = {isa = PBXBuildFile; fileRef = 04DD73DF2B6843C900D56087 /* UIColor.swift */; };
		298833EC4F68B2A005498BF2 /* Pods_MoviesAppTests.framework in Frameworks */ = {isa = PBXBuildFile; fileRef = DBBFA8AED866DF6269158531 /* Pods_MoviesAppTests.framework */; };
		CCE31DB0010F9F84E3C5CCD9 /* Pods_MoviesApp_MoviesAppUITests.framework in Frameworks */ = {isa = PBXBuildFile; fileRef = 9B7AAD9E773C7E658E80C60D /* Pods_MoviesApp_MoviesAppUITests.framework */; };
		DE8415831EE66273C315C9B6 /* Pods_MoviesApp.framework in Frameworks */ = {isa = PBXBuildFile; fileRef = BAA3E7FCBFD662506FD8AA13 /* Pods_MoviesApp.framework */; };
/* End PBXBuildFile section */

/* Begin PBXContainerItemProxy section */
		04686A692B66E40F0026DC0F /* PBXContainerItemProxy */ = {
			isa = PBXContainerItemProxy;
			containerPortal = 04686A4A2B66E40D0026DC0F /* Project object */;
			proxyType = 1;
			remoteGlobalIDString = 04686A512B66E40D0026DC0F;
			remoteInfo = MoviesApp;
		};
		04686A732B66E40F0026DC0F /* PBXContainerItemProxy */ = {
			isa = PBXContainerItemProxy;
			containerPortal = 04686A4A2B66E40D0026DC0F /* Project object */;
			proxyType = 1;
			remoteGlobalIDString = 04686A512B66E40D0026DC0F;
			remoteInfo = MoviesApp;
		};
/* End PBXContainerItemProxy section */

/* Begin PBXFileReference section */
		043C8D402B698C5800CEA0E5 /* BaseViewModel.swift */ = {isa = PBXFileReference; lastKnownFileType = sourcecode.swift; path = BaseViewModel.swift; sourceTree = "<group>"; };
		043C8D422B698DED00CEA0E5 /* ErrorDataView.swift */ = {isa = PBXFileReference; lastKnownFileType = sourcecode.swift; path = ErrorDataView.swift; sourceTree = "<group>"; };
		043C8D442B698E9400CEA0E5 /* UIBaseViewController.swift */ = {isa = PBXFileReference; lastKnownFileType = sourcecode.swift; path = UIBaseViewController.swift; sourceTree = "<group>"; };
		043C8D472B6991E000CEA0E5 /* MoviesViewModelProtocol.swift */ = {isa = PBXFileReference; lastKnownFileType = sourcecode.swift; path = MoviesViewModelProtocol.swift; sourceTree = "<group>"; };
		043C8D492B69926C00CEA0E5 /* MoviesViewModel.swift */ = {isa = PBXFileReference; lastKnownFileType = sourcecode.swift; path = MoviesViewModel.swift; sourceTree = "<group>"; };
		043C8D4C2B6997ED00CEA0E5 /* UIMovieCell.swift */ = {isa = PBXFileReference; lastKnownFileType = sourcecode.swift; path = UIMovieCell.swift; sourceTree = "<group>"; };
		043C8D4E2B69A8BC00CEA0E5 /* UIRatingView.swift */ = {isa = PBXFileReference; lastKnownFileType = sourcecode.swift; path = UIRatingView.swift; sourceTree = "<group>"; };
		043C8D522B6AEE7200CEA0E5 /* MovieViewData.swift */ = {isa = PBXFileReference; lastKnownFileType = sourcecode.swift; path = MovieViewData.swift; sourceTree = "<group>"; };
		043C8D542B6AF37900CEA0E5 /* UIMoviesController+BindingModel.swift */ = {isa = PBXFileReference; lastKnownFileType = sourcecode.swift; path = "UIMoviesController+BindingModel.swift"; sourceTree = "<group>"; };
		043C8D562B6AFABE00CEA0E5 /* Date.swift */ = {isa = PBXFileReference; lastKnownFileType = sourcecode.swift; path = Date.swift; sourceTree = "<group>"; };
		043C8D582B6B030700CEA0E5 /* UICollectionView.swift */ = {isa = PBXFileReference; lastKnownFileType = sourcecode.swift; path = UICollectionView.swift; sourceTree = "<group>"; };
		043C8D5A2B6BF2DE00CEA0E5 /* Collection.swift */ = {isa = PBXFileReference; lastKnownFileType = sourcecode.swift; path = Collection.swift; sourceTree = "<group>"; };
		043C8D602B6BF54E00CEA0E5 /* UIMovieDetailsController.swift */ = {isa = PBXFileReference; lastKnownFileType = sourcecode.swift; path = UIMovieDetailsController.swift; sourceTree = "<group>"; };
		043C8D622B6BF56900CEA0E5 /* MovieDetailsViewModel.swift */ = {isa = PBXFileReference; lastKnownFileType = sourcecode.swift; path = MovieDetailsViewModel.swift; sourceTree = "<group>"; };
		043C8D642B6BF57C00CEA0E5 /* MovieDetailsViewModelProtocol.swift */ = {isa = PBXFileReference; lastKnownFileType = sourcecode.swift; path = MovieDetailsViewModelProtocol.swift; sourceTree = "<group>"; };
		043C8D672B6BF79800CEA0E5 /* MovieDetailsViewData.swift */ = {isa = PBXFileReference; lastKnownFileType = sourcecode.swift; path = MovieDetailsViewData.swift; sourceTree = "<group>"; };
		043C8D6A2B6C48DA00CEA0E5 /* UIBaseDetailItemCell.swift */ = {isa = PBXFileReference; lastKnownFileType = sourcecode.swift; path = UIBaseDetailItemCell.swift; sourceTree = "<group>"; };
		043C8D6D2B6C525D00CEA0E5 /* UITinyDetailItemCell.swift */ = {isa = PBXFileReference; lastKnownFileType = sourcecode.swift; path = UITinyDetailItemCell.swift; sourceTree = "<group>"; };
		043C8D6F2B6CDC7200CEA0E5 /* UIMovieDetailsController+BindingModel.swift */ = {isa = PBXFileReference; lastKnownFileType = sourcecode.swift; path = "UIMovieDetailsController+BindingModel.swift"; sourceTree = "<group>"; };
		043C8D712B6D2C1A00CEA0E5 /* DetailItemViewData.swift */ = {isa = PBXFileReference; lastKnownFileType = sourcecode.swift; path = DetailItemViewData.swift; sourceTree = "<group>"; };
		043C8D732B6D2E3C00CEA0E5 /* Double.swift */ = {isa = PBXFileReference; lastKnownFileType = sourcecode.swift; path = Double.swift; sourceTree = "<group>"; };
		043C8D752B6D2E6500CEA0E5 /* Int.swift */ = {isa = PBXFileReference; lastKnownFileType = sourcecode.swift; path = Int.swift; sourceTree = "<group>"; };
		04686A522B66E40D0026DC0F /* MoviesApp.app */ = {isa = PBXFileReference; explicitFileType = wrapper.application; includeInIndex = 0; path = MoviesApp.app; sourceTree = BUILT_PRODUCTS_DIR; };
		04686A552B66E40D0026DC0F /* AppDelegate.swift */ = {isa = PBXFileReference; lastKnownFileType = sourcecode.swift; path = AppDelegate.swift; sourceTree = "<group>"; };
		04686A572B66E40D0026DC0F /* SceneDelegate.swift */ = {isa = PBXFileReference; lastKnownFileType = sourcecode.swift; path = SceneDelegate.swift; sourceTree = "<group>"; };
		04686A5E2B66E40F0026DC0F /* Assets.xcassets */ = {isa = PBXFileReference; lastKnownFileType = folder.assetcatalog; path = Assets.xcassets; sourceTree = "<group>"; };
		04686A612B66E40F0026DC0F /* Base */ = {isa = PBXFileReference; lastKnownFileType = file.storyboard; name = Base; path = Base.lproj/LaunchScreen.storyboard; sourceTree = "<group>"; };
		04686A632B66E40F0026DC0F /* Info.plist */ = {isa = PBXFileReference; lastKnownFileType = text.plist.xml; path = Info.plist; sourceTree = "<group>"; };
		04686A682B66E40F0026DC0F /* MoviesAppTests.xctest */ = {isa = PBXFileReference; explicitFileType = wrapper.cfbundle; includeInIndex = 0; path = MoviesAppTests.xctest; sourceTree = BUILT_PRODUCTS_DIR; };
		04686A6C2B66E40F0026DC0F /* MoviesAppTests.swift */ = {isa = PBXFileReference; lastKnownFileType = sourcecode.swift; path = MoviesAppTests.swift; sourceTree = "<group>"; };
		04686A722B66E40F0026DC0F /* MoviesAppUITests.xctest */ = {isa = PBXFileReference; explicitFileType = wrapper.cfbundle; includeInIndex = 0; path = MoviesAppUITests.xctest; sourceTree = BUILT_PRODUCTS_DIR; };
		04686A762B66E40F0026DC0F /* MoviesAppUITests.swift */ = {isa = PBXFileReference; lastKnownFileType = sourcecode.swift; path = MoviesAppUITests.swift; sourceTree = "<group>"; };
		04686A782B66E40F0026DC0F /* MoviesAppUITestsLaunchTests.swift */ = {isa = PBXFileReference; lastKnownFileType = sourcecode.swift; path = MoviesAppUITestsLaunchTests.swift; sourceTree = "<group>"; };
		04CED6BD2B66EC0600DA0474 /* NetworkManagerProtocol.swift */ = {isa = PBXFileReference; lastKnownFileType = sourcecode.swift; path = NetworkManagerProtocol.swift; sourceTree = "<group>"; };
		04CED6BF2B66ED6F00DA0474 /* Endpoint.swift */ = {isa = PBXFileReference; lastKnownFileType = sourcecode.swift; path = Endpoint.swift; sourceTree = "<group>"; };
		04CED6C12B66EDAA00DA0474 /* Constant.swift */ = {isa = PBXFileReference; lastKnownFileType = sourcecode.swift; path = Constant.swift; sourceTree = "<group>"; };
		04CED6C42B66EE1C00DA0474 /* Methods.swift */ = {isa = PBXFileReference; lastKnownFileType = sourcecode.swift; path = Methods.swift; sourceTree = "<group>"; };
		04CED6C62B66EE3F00DA0474 /* NetworkError.swift */ = {isa = PBXFileReference; lastKnownFileType = sourcecode.swift; path = NetworkError.swift; sourceTree = "<group>"; };
		04CED6C82B66EF7000DA0474 /* NetworkManager.swift */ = {isa = PBXFileReference; lastKnownFileType = sourcecode.swift; path = NetworkManager.swift; sourceTree = "<group>"; };
		04CED6CB2B66F12600DA0474 /* Dictionary.swift */ = {isa = PBXFileReference; lastKnownFileType = sourcecode.swift; path = Dictionary.swift; sourceTree = "<group>"; };
		04CED6CD2B66F19B00DA0474 /* String.swift */ = {isa = PBXFileReference; lastKnownFileType = sourcecode.swift; path = String.swift; sourceTree = "<group>"; };
		04CED6D22B66F75800DA0474 /* MovieEndpoint.swift */ = {isa = PBXFileReference; lastKnownFileType = sourcecode.swift; path = MovieEndpoint.swift; sourceTree = "<group>"; };
		04CED6D42B66F97900DA0474 /* MovieService.swift */ = {isa = PBXFileReference; lastKnownFileType = sourcecode.swift; path = MovieService.swift; sourceTree = "<group>"; };
		04CED6D72B66FC9700DA0474 /* DiscoverMoviesResponse.swift */ = {isa = PBXFileReference; lastKnownFileType = sourcecode.swift; path = DiscoverMoviesResponse.swift; sourceTree = "<group>"; };
		04CED6D92B66FD2300DA0474 /* Movie.swift */ = {isa = PBXFileReference; lastKnownFileType = sourcecode.swift; path = Movie.swift; sourceTree = "<group>"; };
		04CED6DB2B67069900DA0474 /* MovieDetailsResponse.swift */ = {isa = PBXFileReference; lastKnownFileType = sourcecode.swift; path = MovieDetailsResponse.swift; sourceTree = "<group>"; };
		04CED6DD2B67091700DA0474 /* SerachParams.swift */ = {isa = PBXFileReference; lastKnownFileType = sourcecode.swift; path = SerachParams.swift; sourceTree = "<group>"; };
		04DD73D02B683FC400D56087 /* Coordinator.swift */ = {isa = PBXFileReference; lastKnownFileType = sourcecode.swift; path = Coordinator.swift; sourceTree = "<group>"; };
		04DD73D22B683FEB00D56087 /* MainCoordinator.swift */ = {isa = PBXFileReference; lastKnownFileType = sourcecode.swift; path = MainCoordinator.swift; sourceTree = "<group>"; };
		04DD73D42B68402B00D56087 /* UISplashController.swift */ = {isa = PBXFileReference; lastKnownFileType = sourcecode.swift; path = UISplashController.swift; sourceTree = "<group>"; };
		04DD73D62B6840A200D56087 /* UIView.swift */ = {isa = PBXFileReference; lastKnownFileType = sourcecode.swift; path = UIView.swift; sourceTree = "<group>"; };
		04DD73D92B6841C600D56087 /* UINavigationController.swift */ = {isa = PBXFileReference; lastKnownFileType = sourcecode.swift; path = UINavigationController.swift; sourceTree = "<group>"; };
		04DD73DC2B68426F00D56087 /* UIMoviesController.swift */ = {isa = PBXFileReference; lastKnownFileType = sourcecode.swift; path = UIMoviesController.swift; sourceTree = "<group>"; };
		04DD73DF2B6843C900D56087 /* UIColor.swift */ = {isa = PBXFileReference; lastKnownFileType = sourcecode.swift; path = UIColor.swift; sourceTree = "<group>"; };
		244DDF78B50FD3D6A8997D60 /* Pods-MoviesApp.release.xcconfig */ = {isa = PBXFileReference; includeInIndex = 1; lastKnownFileType = text.xcconfig; name = "Pods-MoviesApp.release.xcconfig"; path = "Target Support Files/Pods-MoviesApp/Pods-MoviesApp.release.xcconfig"; sourceTree = "<group>"; };
		6E273248EFBF3F45282EB4A2 /* Pods-MoviesApp-MoviesAppUITests.release.xcconfig */ = {isa = PBXFileReference; includeInIndex = 1; lastKnownFileType = text.xcconfig; name = "Pods-MoviesApp-MoviesAppUITests.release.xcconfig"; path = "Target Support Files/Pods-MoviesApp-MoviesAppUITests/Pods-MoviesApp-MoviesAppUITests.release.xcconfig"; sourceTree = "<group>"; };
		9A5D51038B5605346A75CB46 /* Pods-MoviesApp-MoviesAppUITests.debug.xcconfig */ = {isa = PBXFileReference; includeInIndex = 1; lastKnownFileType = text.xcconfig; name = "Pods-MoviesApp-MoviesAppUITests.debug.xcconfig"; path = "Target Support Files/Pods-MoviesApp-MoviesAppUITests/Pods-MoviesApp-MoviesAppUITests.debug.xcconfig"; sourceTree = "<group>"; };
		9B7AAD9E773C7E658E80C60D /* Pods_MoviesApp_MoviesAppUITests.framework */ = {isa = PBXFileReference; explicitFileType = wrapper.framework; includeInIndex = 0; path = Pods_MoviesApp_MoviesAppUITests.framework; sourceTree = BUILT_PRODUCTS_DIR; };
		9DC14FD4BCDC2B1A86108707 /* Pods-MoviesApp.debug.xcconfig */ = {isa = PBXFileReference; includeInIndex = 1; lastKnownFileType = text.xcconfig; name = "Pods-MoviesApp.debug.xcconfig"; path = "Target Support Files/Pods-MoviesApp/Pods-MoviesApp.debug.xcconfig"; sourceTree = "<group>"; };
		BAA3E7FCBFD662506FD8AA13 /* Pods_MoviesApp.framework */ = {isa = PBXFileReference; explicitFileType = wrapper.framework; includeInIndex = 0; path = Pods_MoviesApp.framework; sourceTree = BUILT_PRODUCTS_DIR; };
		D3DD9CE2AD21386E6E471780 /* Pods-MoviesAppTests.debug.xcconfig */ = {isa = PBXFileReference; includeInIndex = 1; lastKnownFileType = text.xcconfig; name = "Pods-MoviesAppTests.debug.xcconfig"; path = "Target Support Files/Pods-MoviesAppTests/Pods-MoviesAppTests.debug.xcconfig"; sourceTree = "<group>"; };
		DBBFA8AED866DF6269158531 /* Pods_MoviesAppTests.framework */ = {isa = PBXFileReference; explicitFileType = wrapper.framework; includeInIndex = 0; path = Pods_MoviesAppTests.framework; sourceTree = BUILT_PRODUCTS_DIR; };
		F1DA7837A2BE7BDED361A6DC /* Pods-MoviesAppTests.release.xcconfig */ = {isa = PBXFileReference; includeInIndex = 1; lastKnownFileType = text.xcconfig; name = "Pods-MoviesAppTests.release.xcconfig"; path = "Target Support Files/Pods-MoviesAppTests/Pods-MoviesAppTests.release.xcconfig"; sourceTree = "<group>"; };
/* End PBXFileReference section */

/* Begin PBXFrameworksBuildPhase section */
		04686A4F2B66E40D0026DC0F /* Frameworks */ = {
			isa = PBXFrameworksBuildPhase;
			buildActionMask = 2147483647;
			files = (
				DE8415831EE66273C315C9B6 /* Pods_MoviesApp.framework in Frameworks */,
			);
			runOnlyForDeploymentPostprocessing = 0;
		};
		04686A652B66E40F0026DC0F /* Frameworks */ = {
			isa = PBXFrameworksBuildPhase;
			buildActionMask = 2147483647;
			files = (
				298833EC4F68B2A005498BF2 /* Pods_MoviesAppTests.framework in Frameworks */,
			);
			runOnlyForDeploymentPostprocessing = 0;
		};
		04686A6F2B66E40F0026DC0F /* Frameworks */ = {
			isa = PBXFrameworksBuildPhase;
			buildActionMask = 2147483647;
			files = (
				CCE31DB0010F9F84E3C5CCD9 /* Pods_MoviesApp_MoviesAppUITests.framework in Frameworks */,
			);
			runOnlyForDeploymentPostprocessing = 0;
		};
/* End PBXFrameworksBuildPhase section */

/* Begin PBXGroup section */
		043C8D3F2B698C0D00CEA0E5 /* Base */ = {
			isa = PBXGroup;
			children = (
				043C8D402B698C5800CEA0E5 /* BaseViewModel.swift */,
				043C8D422B698DED00CEA0E5 /* ErrorDataView.swift */,
				043C8D442B698E9400CEA0E5 /* UIBaseViewController.swift */,
			);
			path = Base;
			sourceTree = "<group>";
		};
		043C8D462B6991C900CEA0E5 /* ViewModel */ = {
			isa = PBXGroup;
			children = (
				043C8D472B6991E000CEA0E5 /* MoviesViewModelProtocol.swift */,
				043C8D492B69926C00CEA0E5 /* MoviesViewModel.swift */,
			);
			path = ViewModel;
			sourceTree = "<group>";
		};
		043C8D4B2B69978600CEA0E5 /* Cells */ = {
			isa = PBXGroup;
			children = (
				043C8D4C2B6997ED00CEA0E5 /* UIMovieCell.swift */,
			);
			path = Cells;
			sourceTree = "<group>";
		};
		043C8D502B69A8C400CEA0E5 /* Custom */ = {
			isa = PBXGroup;
			children = (
				043C8D4E2B69A8BC00CEA0E5 /* UIRatingView.swift */,
			);
			path = Custom;
			sourceTree = "<group>";
		};
		043C8D512B6AEE5D00CEA0E5 /* Model */ = {
			isa = PBXGroup;
			children = (
				043C8D522B6AEE7200CEA0E5 /* MovieViewData.swift */,
			);
			path = Model;
			sourceTree = "<group>";
		};
		043C8D5C2B6BF4D100CEA0E5 /* MovieDetails */ = {
			isa = PBXGroup;
			children = (
				043C8D662B6BF78100CEA0E5 /* Model */,
				043C8D5E2B6BF51700CEA0E5 /* Views */,
				043C8D5D2B6BF4F700CEA0E5 /* ViewModel */,
			);
			path = MovieDetails;
			sourceTree = "<group>";
		};
		043C8D5D2B6BF4F700CEA0E5 /* ViewModel */ = {
			isa = PBXGroup;
			children = (
				043C8D642B6BF57C00CEA0E5 /* MovieDetailsViewModelProtocol.swift */,
				043C8D622B6BF56900CEA0E5 /* MovieDetailsViewModel.swift */,
			);
			path = ViewModel;
			sourceTree = "<group>";
		};
		043C8D5E2B6BF51700CEA0E5 /* Views */ = {
			isa = PBXGroup;
			children = (
				043C8D692B6C482F00CEA0E5 /* Cells */,
				043C8D602B6BF54E00CEA0E5 /* UIMovieDetailsController.swift */,
				043C8D6F2B6CDC7200CEA0E5 /* UIMovieDetailsController+BindingModel.swift */,
			);
			path = Views;
			sourceTree = "<group>";
		};
		043C8D662B6BF78100CEA0E5 /* Model */ = {
			isa = PBXGroup;
			children = (
				043C8D672B6BF79800CEA0E5 /* MovieDetailsViewData.swift */,
				043C8D712B6D2C1A00CEA0E5 /* DetailItemViewData.swift */,
			);
			path = Model;
			sourceTree = "<group>";
		};
		043C8D692B6C482F00CEA0E5 /* Cells */ = {
			isa = PBXGroup;
			children = (
				043C8D6A2B6C48DA00CEA0E5 /* UIBaseDetailItemCell.swift */,
				043C8D6D2B6C525D00CEA0E5 /* UITinyDetailItemCell.swift */,
			);
			path = Cells;
			sourceTree = "<group>";
		};
		04686A492B66E40D0026DC0F = {
			isa = PBXGroup;
			children = (
				04686A542B66E40D0026DC0F /* MoviesApp */,
				04686A6B2B66E40F0026DC0F /* MoviesAppTests */,
				04686A752B66E40F0026DC0F /* MoviesAppUITests */,
				04686A532B66E40D0026DC0F /* Products */,
				CB71446A952B6732BE945545 /* Pods */,
				B5F22E08DC84D42F79CF96CC /* Frameworks */,
			);
			sourceTree = "<group>";
		};
		04686A532B66E40D0026DC0F /* Products */ = {
			isa = PBXGroup;
			children = (
				04686A522B66E40D0026DC0F /* MoviesApp.app */,
				04686A682B66E40F0026DC0F /* MoviesAppTests.xctest */,
				04686A722B66E40F0026DC0F /* MoviesAppUITests.xctest */,
			);
			name = Products;
			sourceTree = "<group>";
		};
		04686A542B66E40D0026DC0F /* MoviesApp */ = {
			isa = PBXGroup;
			children = (
				04CED6B82B66E93700DA0474 /* Screens */,
				04CED6BA2B66E98C00DA0474 /* NetworkManager */,
				04CED6B92B66E93E00DA0474 /* Utilities */,
				04CED6CA2B66F10F00DA0474 /* Extentions */,
				04CED6B72B66E90200DA0474 /* Resources */,
			);
			path = MoviesApp;
			sourceTree = "<group>";
		};
		04686A6B2B66E40F0026DC0F /* MoviesAppTests */ = {
			isa = PBXGroup;
			children = (
				04686A6C2B66E40F0026DC0F /* MoviesAppTests.swift */,
			);
			path = MoviesAppTests;
			sourceTree = "<group>";
		};
		04686A752B66E40F0026DC0F /* MoviesAppUITests */ = {
			isa = PBXGroup;
			children = (
				04686A762B66E40F0026DC0F /* MoviesAppUITests.swift */,
				04686A782B66E40F0026DC0F /* MoviesAppUITestsLaunchTests.swift */,
			);
			path = MoviesAppUITests;
			sourceTree = "<group>";
		};
		04CED6B72B66E90200DA0474 /* Resources */ = {
			isa = PBXGroup;
			children = (
				04686A5E2B66E40F0026DC0F /* Assets.xcassets */,
			);
			path = Resources;
			sourceTree = "<group>";
		};
		04CED6B82B66E93700DA0474 /* Screens */ = {
			isa = PBXGroup;
			children = (
				043C8D3F2B698C0D00CEA0E5 /* Base */,
				04CED6BB2B66EA3E00DA0474 /* Splash */,
				04DD73DB2B68425B00D56087 /* Movies */,
				043C8D5C2B6BF4D100CEA0E5 /* MovieDetails */,
			);
			path = Screens;
			sourceTree = "<group>";
		};
		04CED6B92B66E93E00DA0474 /* Utilities */ = {
			isa = PBXGroup;
			children = (
				04DD73CF2B683FAF00D56087 /* Coordinator */,
				04686A632B66E40F0026DC0F /* Info.plist */,
				04686A552B66E40D0026DC0F /* AppDelegate.swift */,
				04686A572B66E40D0026DC0F /* SceneDelegate.swift */,
				04CED6C12B66EDAA00DA0474 /* Constant.swift */,
			);
			path = Utilities;
			sourceTree = "<group>";
		};
		04CED6BA2B66E98C00DA0474 /* NetworkManager */ = {
			isa = PBXGroup;
			children = (
				04CED6CF2B66F3AA00DA0474 /* Services */,
				04CED6D12B66F6EB00DA0474 /* Enum */,
				04CED6BC2B66EBEC00DA0474 /* Base */,
			);
			path = NetworkManager;
			sourceTree = "<group>";
		};
		04CED6BB2B66EA3E00DA0474 /* Splash */ = {
			isa = PBXGroup;
			children = (
				04DD73D82B6840BF00D56087 /* Views */,
			);
			path = Splash;
			sourceTree = "<group>";
		};
		04CED6BC2B66EBEC00DA0474 /* Base */ = {
			isa = PBXGroup;
			children = (
				04CED6BD2B66EC0600DA0474 /* NetworkManagerProtocol.swift */,
				04CED6C82B66EF7000DA0474 /* NetworkManager.swift */,
				04CED6BF2B66ED6F00DA0474 /* Endpoint.swift */,
			);
			path = Base;
			sourceTree = "<group>";
		};
		04CED6CA2B66F10F00DA0474 /* Extentions */ = {
			isa = PBXGroup;
			children = (
				04CED6CB2B66F12600DA0474 /* Dictionary.swift */,
				04CED6CD2B66F19B00DA0474 /* String.swift */,
				04DD73D62B6840A200D56087 /* UIView.swift */,
				04DD73D92B6841C600D56087 /* UINavigationController.swift */,
				04DD73DF2B6843C900D56087 /* UIColor.swift */,
				043C8D562B6AFABE00CEA0E5 /* Date.swift */,
				043C8D582B6B030700CEA0E5 /* UICollectionView.swift */,
				043C8D5A2B6BF2DE00CEA0E5 /* Collection.swift */,
				043C8D732B6D2E3C00CEA0E5 /* Double.swift */,
				043C8D752B6D2E6500CEA0E5 /* Int.swift */,
			);
			path = Extentions;
			sourceTree = "<group>";
		};
		04CED6CF2B66F3AA00DA0474 /* Services */ = {
			isa = PBXGroup;
			children = (
				04CED6D02B66F3CE00DA0474 /* Movie */,
			);
			path = Services;
			sourceTree = "<group>";
		};
		04CED6D02B66F3CE00DA0474 /* Movie */ = {
			isa = PBXGroup;
			children = (
				04CED6D62B66FAB700DA0474 /* Models */,
				04CED6D22B66F75800DA0474 /* MovieEndpoint.swift */,
				04CED6D42B66F97900DA0474 /* MovieService.swift */,
			);
			path = Movie;
			sourceTree = "<group>";
		};
		04CED6D12B66F6EB00DA0474 /* Enum */ = {
			isa = PBXGroup;
			children = (
				04CED6C62B66EE3F00DA0474 /* NetworkError.swift */,
				04CED6C42B66EE1C00DA0474 /* Methods.swift */,
			);
			path = Enum;
			sourceTree = "<group>";
		};
		04CED6D62B66FAB700DA0474 /* Models */ = {
			isa = PBXGroup;
			children = (
				04CED6D72B66FC9700DA0474 /* DiscoverMoviesResponse.swift */,
				04CED6DB2B67069900DA0474 /* MovieDetailsResponse.swift */,
				04CED6D92B66FD2300DA0474 /* Movie.swift */,
				04CED6DD2B67091700DA0474 /* SerachParams.swift */,
			);
			path = Models;
			sourceTree = "<group>";
		};
		04DD73CF2B683FAF00D56087 /* Coordinator */ = {
			isa = PBXGroup;
			children = (
				04DD73D02B683FC400D56087 /* Coordinator.swift */,
				04DD73D22B683FEB00D56087 /* MainCoordinator.swift */,
			);
			path = Coordinator;
			sourceTree = "<group>";
		};
		04DD73D82B6840BF00D56087 /* Views */ = {
			isa = PBXGroup;
			children = (
				04DD73D42B68402B00D56087 /* UISplashController.swift */,
				04686A602B66E40F0026DC0F /* LaunchScreen.storyboard */,
			);
			path = Views;
			sourceTree = "<group>";
		};
		04DD73DB2B68425B00D56087 /* Movies */ = {
			isa = PBXGroup;
			children = (
				043C8D512B6AEE5D00CEA0E5 /* Model */,
				043C8D462B6991C900CEA0E5 /* ViewModel */,
				04DD73DE2B68427700D56087 /* Views */,
			);
			path = Movies;
			sourceTree = "<group>";
		};
		04DD73DE2B68427700D56087 /* Views */ = {
			isa = PBXGroup;
			children = (
				043C8D502B69A8C400CEA0E5 /* Custom */,
				043C8D4B2B69978600CEA0E5 /* Cells */,
				04DD73DC2B68426F00D56087 /* UIMoviesController.swift */,
				043C8D542B6AF37900CEA0E5 /* UIMoviesController+BindingModel.swift */,
			);
			path = Views;
			sourceTree = "<group>";
		};
		B5F22E08DC84D42F79CF96CC /* Frameworks */ = {
			isa = PBXGroup;
			children = (
				BAA3E7FCBFD662506FD8AA13 /* Pods_MoviesApp.framework */,
				9B7AAD9E773C7E658E80C60D /* Pods_MoviesApp_MoviesAppUITests.framework */,
				DBBFA8AED866DF6269158531 /* Pods_MoviesAppTests.framework */,
			);
			name = Frameworks;
			sourceTree = "<group>";
		};
		CB71446A952B6732BE945545 /* Pods */ = {
			isa = PBXGroup;
			children = (
				9DC14FD4BCDC2B1A86108707 /* Pods-MoviesApp.debug.xcconfig */,
				244DDF78B50FD3D6A8997D60 /* Pods-MoviesApp.release.xcconfig */,
				9A5D51038B5605346A75CB46 /* Pods-MoviesApp-MoviesAppUITests.debug.xcconfig */,
				6E273248EFBF3F45282EB4A2 /* Pods-MoviesApp-MoviesAppUITests.release.xcconfig */,
				D3DD9CE2AD21386E6E471780 /* Pods-MoviesAppTests.debug.xcconfig */,
				F1DA7837A2BE7BDED361A6DC /* Pods-MoviesAppTests.release.xcconfig */,
			);
			path = Pods;
			sourceTree = "<group>";
		};
/* End PBXGroup section */

/* Begin PBXNativeTarget section */
		04686A512B66E40D0026DC0F /* MoviesApp */ = {
			isa = PBXNativeTarget;
			buildConfigurationList = 04686A7C2B66E40F0026DC0F /* Build configuration list for PBXNativeTarget "MoviesApp" */;
			buildPhases = (
				87F167928EC343E28E31222C /* [CP] Check Pods Manifest.lock */,
				04686A4E2B66E40D0026DC0F /* Sources */,
				04686A4F2B66E40D0026DC0F /* Frameworks */,
				04686A502B66E40D0026DC0F /* Resources */,
				067EA9AC61FD40729BE20624 /* [CP] Embed Pods Frameworks */,
			);
			buildRules = (
			);
			dependencies = (
			);
			name = MoviesApp;
			productName = MoviesApp;
			productReference = 04686A522B66E40D0026DC0F /* MoviesApp.app */;
			productType = "com.apple.product-type.application";
		};
		04686A672B66E40F0026DC0F /* MoviesAppTests */ = {
			isa = PBXNativeTarget;
			buildConfigurationList = 04686A7F2B66E40F0026DC0F /* Build configuration list for PBXNativeTarget "MoviesAppTests" */;
			buildPhases = (
				28E77239F13104E37FC331D5 /* [CP] Check Pods Manifest.lock */,
				04686A642B66E40F0026DC0F /* Sources */,
				04686A652B66E40F0026DC0F /* Frameworks */,
				04686A662B66E40F0026DC0F /* Resources */,
				A2673DCE06C1B1E039C918A6 /* [CP] Embed Pods Frameworks */,
			);
			buildRules = (
			);
			dependencies = (
				04686A6A2B66E40F0026DC0F /* PBXTargetDependency */,
			);
			name = MoviesAppTests;
			productName = MoviesAppTests;
			productReference = 04686A682B66E40F0026DC0F /* MoviesAppTests.xctest */;
			productType = "com.apple.product-type.bundle.unit-test";
		};
		04686A712B66E40F0026DC0F /* MoviesAppUITests */ = {
			isa = PBXNativeTarget;
			buildConfigurationList = 04686A822B66E40F0026DC0F /* Build configuration list for PBXNativeTarget "MoviesAppUITests" */;
			buildPhases = (
				046A95A4058F29147FDA6D6C /* [CP] Check Pods Manifest.lock */,
				04686A6E2B66E40F0026DC0F /* Sources */,
				04686A6F2B66E40F0026DC0F /* Frameworks */,
				04686A702B66E40F0026DC0F /* Resources */,
				91448BE6D6C0A1D80B276763 /* [CP] Embed Pods Frameworks */,
			);
			buildRules = (
			);
			dependencies = (
				04686A742B66E40F0026DC0F /* PBXTargetDependency */,
			);
			name = MoviesAppUITests;
			productName = MoviesAppUITests;
			productReference = 04686A722B66E40F0026DC0F /* MoviesAppUITests.xctest */;
			productType = "com.apple.product-type.bundle.ui-testing";
		};
/* End PBXNativeTarget section */

/* Begin PBXProject section */
		04686A4A2B66E40D0026DC0F /* Project object */ = {
			isa = PBXProject;
			attributes = {
				BuildIndependentTargetsInParallel = 1;
				LastSwiftUpdateCheck = 1520;
				LastUpgradeCheck = 1520;
				TargetAttributes = {
					04686A512B66E40D0026DC0F = {
						CreatedOnToolsVersion = 15.2;
					};
					04686A672B66E40F0026DC0F = {
						CreatedOnToolsVersion = 15.2;
						TestTargetID = 04686A512B66E40D0026DC0F;
					};
					04686A712B66E40F0026DC0F = {
						CreatedOnToolsVersion = 15.2;
						TestTargetID = 04686A512B66E40D0026DC0F;
					};
				};
			};
			buildConfigurationList = 04686A4D2B66E40D0026DC0F /* Build configuration list for PBXProject "MoviesApp" */;
			compatibilityVersion = "Xcode 14.0";
			developmentRegion = en;
			hasScannedForEncodings = 0;
			knownRegions = (
				en,
				Base,
			);
			mainGroup = 04686A492B66E40D0026DC0F;
			productRefGroup = 04686A532B66E40D0026DC0F /* Products */;
			projectDirPath = "";
			projectRoot = "";
			targets = (
				04686A512B66E40D0026DC0F /* MoviesApp */,
				04686A672B66E40F0026DC0F /* MoviesAppTests */,
				04686A712B66E40F0026DC0F /* MoviesAppUITests */,
			);
		};
/* End PBXProject section */

/* Begin PBXResourcesBuildPhase section */
		04686A502B66E40D0026DC0F /* Resources */ = {
			isa = PBXResourcesBuildPhase;
			buildActionMask = 2147483647;
			files = (
				04686A622B66E40F0026DC0F /* LaunchScreen.storyboard in Resources */,
				04686A5F2B66E40F0026DC0F /* Assets.xcassets in Resources */,
			);
			runOnlyForDeploymentPostprocessing = 0;
		};
		04686A662B66E40F0026DC0F /* Resources */ = {
			isa = PBXResourcesBuildPhase;
			buildActionMask = 2147483647;
			files = (
			);
			runOnlyForDeploymentPostprocessing = 0;
		};
		04686A702B66E40F0026DC0F /* Resources */ = {
			isa = PBXResourcesBuildPhase;
			buildActionMask = 2147483647;
			files = (
			);
			runOnlyForDeploymentPostprocessing = 0;
		};
/* End PBXResourcesBuildPhase section */

/* Begin PBXShellScriptBuildPhase section */
		046A95A4058F29147FDA6D6C /* [CP] Check Pods Manifest.lock */ = {
			isa = PBXShellScriptBuildPhase;
			buildActionMask = 2147483647;
			files = (
			);
			inputFileListPaths = (
			);
			inputPaths = (
				"${PODS_PODFILE_DIR_PATH}/Podfile.lock",
				"${PODS_ROOT}/Manifest.lock",
			);
			name = "[CP] Check Pods Manifest.lock";
			outputFileListPaths = (
			);
			outputPaths = (
				"$(DERIVED_FILE_DIR)/Pods-MoviesApp-MoviesAppUITests-checkManifestLockResult.txt",
			);
			runOnlyForDeploymentPostprocessing = 0;
			shellPath = /bin/sh;
			shellScript = "diff \"${PODS_PODFILE_DIR_PATH}/Podfile.lock\" \"${PODS_ROOT}/Manifest.lock\" > /dev/null\nif [ $? != 0 ] ; then\n    # print error to STDERR\n    echo \"error: The sandbox is not in sync with the Podfile.lock. Run 'pod install' or update your CocoaPods installation.\" >&2\n    exit 1\nfi\n# This output is used by Xcode 'outputs' to avoid re-running this script phase.\necho \"SUCCESS\" > \"${SCRIPT_OUTPUT_FILE_0}\"\n";
			showEnvVarsInLog = 0;
		};
		067EA9AC61FD40729BE20624 /* [CP] Embed Pods Frameworks */ = {
			isa = PBXShellScriptBuildPhase;
			buildActionMask = 2147483647;
			files = (
			);
			inputFileListPaths = (
				"${PODS_ROOT}/Target Support Files/Pods-MoviesApp/Pods-MoviesApp-frameworks-${CONFIGURATION}-input-files.xcfilelist",
			);
			name = "[CP] Embed Pods Frameworks";
			outputFileListPaths = (
				"${PODS_ROOT}/Target Support Files/Pods-MoviesApp/Pods-MoviesApp-frameworks-${CONFIGURATION}-output-files.xcfilelist",
			);
			runOnlyForDeploymentPostprocessing = 0;
			shellPath = /bin/sh;
			shellScript = "\"${PODS_ROOT}/Target Support Files/Pods-MoviesApp/Pods-MoviesApp-frameworks.sh\"\n";
			showEnvVarsInLog = 0;
		};
		28E77239F13104E37FC331D5 /* [CP] Check Pods Manifest.lock */ = {
			isa = PBXShellScriptBuildPhase;
			buildActionMask = 2147483647;
			files = (
			);
			inputFileListPaths = (
			);
			inputPaths = (
				"${PODS_PODFILE_DIR_PATH}/Podfile.lock",
				"${PODS_ROOT}/Manifest.lock",
			);
			name = "[CP] Check Pods Manifest.lock";
			outputFileListPaths = (
			);
			outputPaths = (
				"$(DERIVED_FILE_DIR)/Pods-MoviesAppTests-checkManifestLockResult.txt",
			);
			runOnlyForDeploymentPostprocessing = 0;
			shellPath = /bin/sh;
			shellScript = "diff \"${PODS_PODFILE_DIR_PATH}/Podfile.lock\" \"${PODS_ROOT}/Manifest.lock\" > /dev/null\nif [ $? != 0 ] ; then\n    # print error to STDERR\n    echo \"error: The sandbox is not in sync with the Podfile.lock. Run 'pod install' or update your CocoaPods installation.\" >&2\n    exit 1\nfi\n# This output is used by Xcode 'outputs' to avoid re-running this script phase.\necho \"SUCCESS\" > \"${SCRIPT_OUTPUT_FILE_0}\"\n";
			showEnvVarsInLog = 0;
		};
		87F167928EC343E28E31222C /* [CP] Check Pods Manifest.lock */ = {
			isa = PBXShellScriptBuildPhase;
			buildActionMask = 2147483647;
			files = (
			);
			inputFileListPaths = (
			);
			inputPaths = (
				"${PODS_PODFILE_DIR_PATH}/Podfile.lock",
				"${PODS_ROOT}/Manifest.lock",
			);
			name = "[CP] Check Pods Manifest.lock";
			outputFileListPaths = (
			);
			outputPaths = (
				"$(DERIVED_FILE_DIR)/Pods-MoviesApp-checkManifestLockResult.txt",
			);
			runOnlyForDeploymentPostprocessing = 0;
			shellPath = /bin/sh;
			shellScript = "diff \"${PODS_PODFILE_DIR_PATH}/Podfile.lock\" \"${PODS_ROOT}/Manifest.lock\" > /dev/null\nif [ $? != 0 ] ; then\n    # print error to STDERR\n    echo \"error: The sandbox is not in sync with the Podfile.lock. Run 'pod install' or update your CocoaPods installation.\" >&2\n    exit 1\nfi\n# This output is used by Xcode 'outputs' to avoid re-running this script phase.\necho \"SUCCESS\" > \"${SCRIPT_OUTPUT_FILE_0}\"\n";
			showEnvVarsInLog = 0;
		};
		91448BE6D6C0A1D80B276763 /* [CP] Embed Pods Frameworks */ = {
			isa = PBXShellScriptBuildPhase;
			buildActionMask = 2147483647;
			files = (
			);
			inputFileListPaths = (
				"${PODS_ROOT}/Target Support Files/Pods-MoviesApp-MoviesAppUITests/Pods-MoviesApp-MoviesAppUITests-frameworks-${CONFIGURATION}-input-files.xcfilelist",
			);
			name = "[CP] Embed Pods Frameworks";
			outputFileListPaths = (
				"${PODS_ROOT}/Target Support Files/Pods-MoviesApp-MoviesAppUITests/Pods-MoviesApp-MoviesAppUITests-frameworks-${CONFIGURATION}-output-files.xcfilelist",
			);
			runOnlyForDeploymentPostprocessing = 0;
			shellPath = /bin/sh;
			shellScript = "\"${PODS_ROOT}/Target Support Files/Pods-MoviesApp-MoviesAppUITests/Pods-MoviesApp-MoviesAppUITests-frameworks.sh\"\n";
			showEnvVarsInLog = 0;
		};
		A2673DCE06C1B1E039C918A6 /* [CP] Embed Pods Frameworks */ = {
			isa = PBXShellScriptBuildPhase;
			buildActionMask = 2147483647;
			files = (
			);
			inputFileListPaths = (
				"${PODS_ROOT}/Target Support Files/Pods-MoviesAppTests/Pods-MoviesAppTests-frameworks-${CONFIGURATION}-input-files.xcfilelist",
			);
			name = "[CP] Embed Pods Frameworks";
			outputFileListPaths = (
				"${PODS_ROOT}/Target Support Files/Pods-MoviesAppTests/Pods-MoviesAppTests-frameworks-${CONFIGURATION}-output-files.xcfilelist",
			);
			runOnlyForDeploymentPostprocessing = 0;
			shellPath = /bin/sh;
			shellScript = "\"${PODS_ROOT}/Target Support Files/Pods-MoviesAppTests/Pods-MoviesAppTests-frameworks.sh\"\n";
			showEnvVarsInLog = 0;
		};
/* End PBXShellScriptBuildPhase section */

/* Begin PBXSourcesBuildPhase section */
		04686A4E2B66E40D0026DC0F /* Sources */ = {
			isa = PBXSourcesBuildPhase;
			buildActionMask = 2147483647;
			files = (
				043C8D722B6D2C1A00CEA0E5 /* DetailItemViewData.swift in Sources */,
				04DD73DD2B68426F00D56087 /* UIMoviesController.swift in Sources */,
				04CED6C92B66EF7000DA0474 /* NetworkManager.swift in Sources */,
				043C8D482B6991E000CEA0E5 /* MoviesViewModelProtocol.swift in Sources */,
				04CED6CE2B66F19B00DA0474 /* String.swift in Sources */,
				043C8D6E2B6C525D00CEA0E5 /* UITinyDetailItemCell.swift in Sources */,
				04CED6D82B66FC9700DA0474 /* DiscoverMoviesResponse.swift in Sources */,
				043C8D612B6BF54E00CEA0E5 /* UIMovieDetailsController.swift in Sources */,
				04CED6C72B66EE3F00DA0474 /* NetworkError.swift in Sources */,
				043C8D412B698C5800CEA0E5 /* BaseViewModel.swift in Sources */,
				04CED6D52B66F97900DA0474 /* MovieService.swift in Sources */,
				043C8D432B698DED00CEA0E5 /* ErrorDataView.swift in Sources */,
				04CED6C52B66EE1C00DA0474 /* Methods.swift in Sources */,
				04686A562B66E40D0026DC0F /* AppDelegate.swift in Sources */,
				043C8D4A2B69926C00CEA0E5 /* MoviesViewModel.swift in Sources */,
				043C8D702B6CDC7200CEA0E5 /* UIMovieDetailsController+BindingModel.swift in Sources */,
				043C8D552B6AF37900CEA0E5 /* UIMoviesController+BindingModel.swift in Sources */,
				043C8D632B6BF56900CEA0E5 /* MovieDetailsViewModel.swift in Sources */,
				04DD73D52B68402B00D56087 /* UISplashController.swift in Sources */,
				043C8D4F2B69A8BC00CEA0E5 /* UIRatingView.swift in Sources */,
				043C8D452B698E9400CEA0E5 /* UIBaseViewController.swift in Sources */,
				043C8D592B6B030700CEA0E5 /* UICollectionView.swift in Sources */,
				04DD73D12B683FC400D56087 /* Coordinator.swift in Sources */,
				04DD73E02B6843C900D56087 /* UIColor.swift in Sources */,
				04DD73D72B6840A200D56087 /* UIView.swift in Sources */,
				04CED6BE2B66EC0600DA0474 /* NetworkManagerProtocol.swift in Sources */,
				04686A582B66E40D0026DC0F /* SceneDelegate.swift in Sources */,
				04DD73DA2B6841C600D56087 /* UINavigationController.swift in Sources */,
				043C8D6B2B6C48DA00CEA0E5 /* UIBaseDetailItemCell.swift in Sources */,
				04CED6DC2B67069900DA0474 /* MovieDetailsResponse.swift in Sources */,
				043C8D652B6BF57C00CEA0E5 /* MovieDetailsViewModelProtocol.swift in Sources */,
				043C8D4D2B6997ED00CEA0E5 /* UIMovieCell.swift in Sources */,
				04CED6CC2B66F12600DA0474 /* Dictionary.swift in Sources */,
				04CED6DE2B67091700DA0474 /* SerachParams.swift in Sources */,
				04DD73D32B683FEB00D56087 /* MainCoordinator.swift in Sources */,
				043C8D682B6BF79800CEA0E5 /* MovieDetailsViewData.swift in Sources */,
				04CED6C02B66ED6F00DA0474 /* Endpoint.swift in Sources */,
				04CED6C22B66EDAA00DA0474 /* Constant.swift in Sources */,
				04CED6D32B66F75800DA0474 /* MovieEndpoint.swift in Sources */,
				043C8D5B2B6BF2DE00CEA0E5 /* Collection.swift in Sources */,
				04CED6DA2B66FD2300DA0474 /* Movie.swift in Sources */,
				043C8D572B6AFABE00CEA0E5 /* Date.swift in Sources */,
				043C8D762B6D2E6500CEA0E5 /* Int.swift in Sources */,
				043C8D742B6D2E3C00CEA0E5 /* Double.swift in Sources */,
				043C8D532B6AEE7200CEA0E5 /* MovieViewData.swift in Sources */,
			);
			runOnlyForDeploymentPostprocessing = 0;
		};
		04686A642B66E40F0026DC0F /* Sources */ = {
			isa = PBXSourcesBuildPhase;
			buildActionMask = 2147483647;
			files = (
				04686A6D2B66E40F0026DC0F /* MoviesAppTests.swift in Sources */,
			);
			runOnlyForDeploymentPostprocessing = 0;
		};
		04686A6E2B66E40F0026DC0F /* Sources */ = {
			isa = PBXSourcesBuildPhase;
			buildActionMask = 2147483647;
			files = (
				04686A772B66E40F0026DC0F /* MoviesAppUITests.swift in Sources */,
				04686A792B66E40F0026DC0F /* MoviesAppUITestsLaunchTests.swift in Sources */,
			);
			runOnlyForDeploymentPostprocessing = 0;
		};
/* End PBXSourcesBuildPhase section */

/* Begin PBXTargetDependency section */
		04686A6A2B66E40F0026DC0F /* PBXTargetDependency */ = {
			isa = PBXTargetDependency;
			target = 04686A512B66E40D0026DC0F /* MoviesApp */;
			targetProxy = 04686A692B66E40F0026DC0F /* PBXContainerItemProxy */;
		};
		04686A742B66E40F0026DC0F /* PBXTargetDependency */ = {
			isa = PBXTargetDependency;
			target = 04686A512B66E40D0026DC0F /* MoviesApp */;
			targetProxy = 04686A732B66E40F0026DC0F /* PBXContainerItemProxy */;
		};
/* End PBXTargetDependency section */

/* Begin PBXVariantGroup section */
		04686A602B66E40F0026DC0F /* LaunchScreen.storyboard */ = {
			isa = PBXVariantGroup;
			children = (
				04686A612B66E40F0026DC0F /* Base */,
			);
			name = LaunchScreen.storyboard;
			sourceTree = "<group>";
		};
/* End PBXVariantGroup section */

/* Begin XCBuildConfiguration section */
		04686A7A2B66E40F0026DC0F /* Debug */ = {
			isa = XCBuildConfiguration;
			buildSettings = {
				ALWAYS_SEARCH_USER_PATHS = NO;
				ASSETCATALOG_COMPILER_GENERATE_SWIFT_ASSET_SYMBOL_EXTENSIONS = YES;
				CLANG_ANALYZER_NONNULL = YES;
				CLANG_ANALYZER_NUMBER_OBJECT_CONVERSION = YES_AGGRESSIVE;
				CLANG_CXX_LANGUAGE_STANDARD = "gnu++20";
				CLANG_ENABLE_MODULES = YES;
				CLANG_ENABLE_OBJC_ARC = YES;
				CLANG_ENABLE_OBJC_WEAK = YES;
				CLANG_WARN_BLOCK_CAPTURE_AUTORELEASING = YES;
				CLANG_WARN_BOOL_CONVERSION = YES;
				CLANG_WARN_COMMA = YES;
				CLANG_WARN_CONSTANT_CONVERSION = YES;
				CLANG_WARN_DEPRECATED_OBJC_IMPLEMENTATIONS = YES;
				CLANG_WARN_DIRECT_OBJC_ISA_USAGE = YES_ERROR;
				CLANG_WARN_DOCUMENTATION_COMMENTS = YES;
				CLANG_WARN_EMPTY_BODY = YES;
				CLANG_WARN_ENUM_CONVERSION = YES;
				CLANG_WARN_INFINITE_RECURSION = YES;
				CLANG_WARN_INT_CONVERSION = YES;
				CLANG_WARN_NON_LITERAL_NULL_CONVERSION = YES;
				CLANG_WARN_OBJC_IMPLICIT_RETAIN_SELF = YES;
				CLANG_WARN_OBJC_LITERAL_CONVERSION = YES;
				CLANG_WARN_OBJC_ROOT_CLASS = YES_ERROR;
				CLANG_WARN_QUOTED_INCLUDE_IN_FRAMEWORK_HEADER = YES;
				CLANG_WARN_RANGE_LOOP_ANALYSIS = YES;
				CLANG_WARN_STRICT_PROTOTYPES = YES;
				CLANG_WARN_SUSPICIOUS_MOVE = YES;
				CLANG_WARN_UNGUARDED_AVAILABILITY = YES_AGGRESSIVE;
				CLANG_WARN_UNREACHABLE_CODE = YES;
				CLANG_WARN__DUPLICATE_METHOD_MATCH = YES;
				COPY_PHASE_STRIP = NO;
				DEBUG_INFORMATION_FORMAT = dwarf;
				ENABLE_STRICT_OBJC_MSGSEND = YES;
				ENABLE_TESTABILITY = YES;
				ENABLE_USER_SCRIPT_SANDBOXING = YES;
				GCC_C_LANGUAGE_STANDARD = gnu17;
				GCC_DYNAMIC_NO_PIC = NO;
				GCC_NO_COMMON_BLOCKS = YES;
				GCC_OPTIMIZATION_LEVEL = 0;
				GCC_PREPROCESSOR_DEFINITIONS = (
					"DEBUG=1",
					"$(inherited)",
				);
				GCC_WARN_64_TO_32_BIT_CONVERSION = YES;
				GCC_WARN_ABOUT_RETURN_TYPE = YES_ERROR;
				GCC_WARN_UNDECLARED_SELECTOR = YES;
				GCC_WARN_UNINITIALIZED_AUTOS = YES_AGGRESSIVE;
				GCC_WARN_UNUSED_FUNCTION = YES;
				GCC_WARN_UNUSED_VARIABLE = YES;
				IPHONEOS_DEPLOYMENT_TARGET = 17.2;
				LOCALIZATION_PREFERS_STRING_CATALOGS = YES;
				MTL_ENABLE_DEBUG_INFO = INCLUDE_SOURCE;
				MTL_FAST_MATH = YES;
				ONLY_ACTIVE_ARCH = YES;
				SDKROOT = iphoneos;
				SWIFT_ACTIVE_COMPILATION_CONDITIONS = "DEBUG $(inherited)";
				SWIFT_OPTIMIZATION_LEVEL = "-Onone";
			};
			name = Debug;
		};
		04686A7B2B66E40F0026DC0F /* Release */ = {
			isa = XCBuildConfiguration;
			buildSettings = {
				ALWAYS_SEARCH_USER_PATHS = NO;
				ASSETCATALOG_COMPILER_GENERATE_SWIFT_ASSET_SYMBOL_EXTENSIONS = YES;
				CLANG_ANALYZER_NONNULL = YES;
				CLANG_ANALYZER_NUMBER_OBJECT_CONVERSION = YES_AGGRESSIVE;
				CLANG_CXX_LANGUAGE_STANDARD = "gnu++20";
				CLANG_ENABLE_MODULES = YES;
				CLANG_ENABLE_OBJC_ARC = YES;
				CLANG_ENABLE_OBJC_WEAK = YES;
				CLANG_WARN_BLOCK_CAPTURE_AUTORELEASING = YES;
				CLANG_WARN_BOOL_CONVERSION = YES;
				CLANG_WARN_COMMA = YES;
				CLANG_WARN_CONSTANT_CONVERSION = YES;
				CLANG_WARN_DEPRECATED_OBJC_IMPLEMENTATIONS = YES;
				CLANG_WARN_DIRECT_OBJC_ISA_USAGE = YES_ERROR;
				CLANG_WARN_DOCUMENTATION_COMMENTS = YES;
				CLANG_WARN_EMPTY_BODY = YES;
				CLANG_WARN_ENUM_CONVERSION = YES;
				CLANG_WARN_INFINITE_RECURSION = YES;
				CLANG_WARN_INT_CONVERSION = YES;
				CLANG_WARN_NON_LITERAL_NULL_CONVERSION = YES;
				CLANG_WARN_OBJC_IMPLICIT_RETAIN_SELF = YES;
				CLANG_WARN_OBJC_LITERAL_CONVERSION = YES;
				CLANG_WARN_OBJC_ROOT_CLASS = YES_ERROR;
				CLANG_WARN_QUOTED_INCLUDE_IN_FRAMEWORK_HEADER = YES;
				CLANG_WARN_RANGE_LOOP_ANALYSIS = YES;
				CLANG_WARN_STRICT_PROTOTYPES = YES;
				CLANG_WARN_SUSPICIOUS_MOVE = YES;
				CLANG_WARN_UNGUARDED_AVAILABILITY = YES_AGGRESSIVE;
				CLANG_WARN_UNREACHABLE_CODE = YES;
				CLANG_WARN__DUPLICATE_METHOD_MATCH = YES;
				COPY_PHASE_STRIP = NO;
				DEBUG_INFORMATION_FORMAT = "dwarf-with-dsym";
				ENABLE_NS_ASSERTIONS = NO;
				ENABLE_STRICT_OBJC_MSGSEND = YES;
				ENABLE_USER_SCRIPT_SANDBOXING = YES;
				GCC_C_LANGUAGE_STANDARD = gnu17;
				GCC_NO_COMMON_BLOCKS = YES;
				GCC_WARN_64_TO_32_BIT_CONVERSION = YES;
				GCC_WARN_ABOUT_RETURN_TYPE = YES_ERROR;
				GCC_WARN_UNDECLARED_SELECTOR = YES;
				GCC_WARN_UNINITIALIZED_AUTOS = YES_AGGRESSIVE;
				GCC_WARN_UNUSED_FUNCTION = YES;
				GCC_WARN_UNUSED_VARIABLE = YES;
				IPHONEOS_DEPLOYMENT_TARGET = 17.2;
				LOCALIZATION_PREFERS_STRING_CATALOGS = YES;
				MTL_ENABLE_DEBUG_INFO = NO;
				MTL_FAST_MATH = YES;
				SDKROOT = iphoneos;
				SWIFT_COMPILATION_MODE = wholemodule;
				VALIDATE_PRODUCT = YES;
			};
			name = Release;
		};
		04686A7D2B66E40F0026DC0F /* Debug */ = {
			isa = XCBuildConfiguration;
			baseConfigurationReference = 9DC14FD4BCDC2B1A86108707 /* Pods-MoviesApp.debug.xcconfig */;
			buildSettings = {
				ASSETCATALOG_COMPILER_APPICON_NAME = AppIcon;
				ASSETCATALOG_COMPILER_GLOBAL_ACCENT_COLOR_NAME = AccentColor;
				CODE_SIGN_STYLE = Automatic;
				CURRENT_PROJECT_VERSION = 1;
				ENABLE_USER_SCRIPT_SANDBOXING = NO;
				GENERATE_INFOPLIST_FILE = YES;
				INFOPLIST_FILE = MoviesApp/Utilities/Info.plist;
				INFOPLIST_KEY_UIApplicationSupportsIndirectInputEvents = YES;
				INFOPLIST_KEY_UILaunchStoryboardName = LaunchScreen;
				INFOPLIST_KEY_UIMainStoryboardFile = "";
				INFOPLIST_KEY_UISupportedInterfaceOrientations_iPad = "UIInterfaceOrientationPortrait UIInterfaceOrientationPortraitUpsideDown UIInterfaceOrientationLandscapeLeft UIInterfaceOrientationLandscapeRight";
				INFOPLIST_KEY_UISupportedInterfaceOrientations_iPhone = "UIInterfaceOrientationPortrait UIInterfaceOrientationLandscapeLeft UIInterfaceOrientationLandscapeRight";
				IPHONEOS_DEPLOYMENT_TARGET = 16;
				LD_RUNPATH_SEARCH_PATHS = (
					"$(inherited)",
					"@executable_path/Frameworks",
				);
				MARKETING_VERSION = 1.0;
				PRODUCT_BUNDLE_IDENTIFIER = com.mohannad.MoviesApp;
				PRODUCT_NAME = "$(TARGET_NAME)";
				SWIFT_EMIT_LOC_STRINGS = YES;
				SWIFT_VERSION = 5.0;
				TARGETED_DEVICE_FAMILY = "1,2";
			};
			name = Debug;
		};
		04686A7E2B66E40F0026DC0F /* Release */ = {
			isa = XCBuildConfiguration;
			baseConfigurationReference = 244DDF78B50FD3D6A8997D60 /* Pods-MoviesApp.release.xcconfig */;
			buildSettings = {
				ASSETCATALOG_COMPILER_APPICON_NAME = AppIcon;
				ASSETCATALOG_COMPILER_GLOBAL_ACCENT_COLOR_NAME = AccentColor;
				CODE_SIGN_STYLE = Automatic;
				CURRENT_PROJECT_VERSION = 1;
				ENABLE_USER_SCRIPT_SANDBOXING = NO;
				GENERATE_INFOPLIST_FILE = YES;
				INFOPLIST_FILE = MoviesApp/Utilities/Info.plist;
				INFOPLIST_KEY_UIApplicationSupportsIndirectInputEvents = YES;
				INFOPLIST_KEY_UILaunchStoryboardName = LaunchScreen;
				INFOPLIST_KEY_UIMainStoryboardFile = "";
				INFOPLIST_KEY_UISupportedInterfaceOrientations_iPad = "UIInterfaceOrientationPortrait UIInterfaceOrientationPortraitUpsideDown UIInterfaceOrientationLandscapeLeft UIInterfaceOrientationLandscapeRight";
				INFOPLIST_KEY_UISupportedInterfaceOrientations_iPhone = "UIInterfaceOrientationPortrait UIInterfaceOrientationLandscapeLeft UIInterfaceOrientationLandscapeRight";
				IPHONEOS_DEPLOYMENT_TARGET = 16;
				LD_RUNPATH_SEARCH_PATHS = (
					"$(inherited)",
					"@executable_path/Frameworks",
				);
				MARKETING_VERSION = 1.0;
				PRODUCT_BUNDLE_IDENTIFIER = com.mohannad.MoviesApp;
				PRODUCT_NAME = "$(TARGET_NAME)";
				SWIFT_EMIT_LOC_STRINGS = YES;
				SWIFT_VERSION = 5.0;
				TARGETED_DEVICE_FAMILY = "1,2";
			};
			name = Release;
		};
		04686A802B66E40F0026DC0F /* Debug */ = {
			isa = XCBuildConfiguration;
			baseConfigurationReference = D3DD9CE2AD21386E6E471780 /* Pods-MoviesAppTests.debug.xcconfig */;
			buildSettings = {
				ALWAYS_EMBED_SWIFT_STANDARD_LIBRARIES = YES;
				BUNDLE_LOADER = "$(TEST_HOST)";
				CODE_SIGN_STYLE = Automatic;
				CURRENT_PROJECT_VERSION = 1;
				GENERATE_INFOPLIST_FILE = YES;
				IPHONEOS_DEPLOYMENT_TARGET = 17.2;
				MARKETING_VERSION = 1.0;
				PRODUCT_BUNDLE_IDENTIFIER = com.mohannad.MoviesAppTests;
				PRODUCT_NAME = "$(TARGET_NAME)";
				SWIFT_EMIT_LOC_STRINGS = NO;
				SWIFT_VERSION = 5.0;
				TARGETED_DEVICE_FAMILY = "1,2";
				TEST_HOST = "$(BUILT_PRODUCTS_DIR)/MoviesApp.app/$(BUNDLE_EXECUTABLE_FOLDER_PATH)/MoviesApp";
			};
			name = Debug;
		};
		04686A812B66E40F0026DC0F /* Release */ = {
			isa = XCBuildConfiguration;
			baseConfigurationReference = F1DA7837A2BE7BDED361A6DC /* Pods-MoviesAppTests.release.xcconfig */;
			buildSettings = {
				ALWAYS_EMBED_SWIFT_STANDARD_LIBRARIES = YES;
				BUNDLE_LOADER = "$(TEST_HOST)";
				CODE_SIGN_STYLE = Automatic;
				CURRENT_PROJECT_VERSION = 1;
				GENERATE_INFOPLIST_FILE = YES;
				IPHONEOS_DEPLOYMENT_TARGET = 17.2;
				MARKETING_VERSION = 1.0;
				PRODUCT_BUNDLE_IDENTIFIER = com.mohannad.MoviesAppTests;
				PRODUCT_NAME = "$(TARGET_NAME)";
				SWIFT_EMIT_LOC_STRINGS = NO;
				SWIFT_VERSION = 5.0;
				TARGETED_DEVICE_FAMILY = "1,2";
				TEST_HOST = "$(BUILT_PRODUCTS_DIR)/MoviesApp.app/$(BUNDLE_EXECUTABLE_FOLDER_PATH)/MoviesApp";
			};
			name = Release;
		};
		04686A832B66E40F0026DC0F /* Debug */ = {
			isa = XCBuildConfiguration;
			baseConfigurationReference = 9A5D51038B5605346A75CB46 /* Pods-MoviesApp-MoviesAppUITests.debug.xcconfig */;
			buildSettings = {
				ALWAYS_EMBED_SWIFT_STANDARD_LIBRARIES = YES;
				CODE_SIGN_STYLE = Automatic;
				CURRENT_PROJECT_VERSION = 1;
				GENERATE_INFOPLIST_FILE = YES;
				MARKETING_VERSION = 1.0;
				PRODUCT_BUNDLE_IDENTIFIER = com.mohannad.MoviesAppUITests;
				PRODUCT_NAME = "$(TARGET_NAME)";
				SWIFT_EMIT_LOC_STRINGS = NO;
				SWIFT_VERSION = 5.0;
				TARGETED_DEVICE_FAMILY = "1,2";
				TEST_TARGET_NAME = MoviesApp;
			};
			name = Debug;
		};
		04686A842B66E40F0026DC0F /* Release */ = {
			isa = XCBuildConfiguration;
			baseConfigurationReference = 6E273248EFBF3F45282EB4A2 /* Pods-MoviesApp-MoviesAppUITests.release.xcconfig */;
			buildSettings = {
				ALWAYS_EMBED_SWIFT_STANDARD_LIBRARIES = YES;
				CODE_SIGN_STYLE = Automatic;
				CURRENT_PROJECT_VERSION = 1;
				GENERATE_INFOPLIST_FILE = YES;
				MARKETING_VERSION = 1.0;
				PRODUCT_BUNDLE_IDENTIFIER = com.mohannad.MoviesAppUITests;
				PRODUCT_NAME = "$(TARGET_NAME)";
				SWIFT_EMIT_LOC_STRINGS = NO;
				SWIFT_VERSION = 5.0;
				TARGETED_DEVICE_FAMILY = "1,2";
				TEST_TARGET_NAME = MoviesApp;
			};
			name = Release;
		};
/* End XCBuildConfiguration section */

/* Begin XCConfigurationList section */
		04686A4D2B66E40D0026DC0F /* Build configuration list for PBXProject "MoviesApp" */ = {
			isa = XCConfigurationList;
			buildConfigurations = (
				04686A7A2B66E40F0026DC0F /* Debug */,
				04686A7B2B66E40F0026DC0F /* Release */,
			);
			defaultConfigurationIsVisible = 0;
			defaultConfigurationName = Release;
		};
		04686A7C2B66E40F0026DC0F /* Build configuration list for PBXNativeTarget "MoviesApp" */ = {
			isa = XCConfigurationList;
			buildConfigurations = (
				04686A7D2B66E40F0026DC0F /* Debug */,
				04686A7E2B66E40F0026DC0F /* Release */,
			);
			defaultConfigurationIsVisible = 0;
			defaultConfigurationName = Release;
		};
		04686A7F2B66E40F0026DC0F /* Build configuration list for PBXNativeTarget "MoviesAppTests" */ = {
			isa = XCConfigurationList;
			buildConfigurations = (
				04686A802B66E40F0026DC0F /* Debug */,
				04686A812B66E40F0026DC0F /* Release */,
			);
			defaultConfigurationIsVisible = 0;
			defaultConfigurationName = Release;
		};
		04686A822B66E40F0026DC0F /* Build configuration list for PBXNativeTarget "MoviesAppUITests" */ = {
			isa = XCConfigurationList;
			buildConfigurations = (
				04686A832B66E40F0026DC0F /* Debug */,
				04686A842B66E40F0026DC0F /* Release */,
			);
			defaultConfigurationIsVisible = 0;
			defaultConfigurationName = Release;
		};
/* End XCConfigurationList section */
	};
	rootObject = 04686A4A2B66E40D0026DC0F /* Project object */;
}
